
Microsoft Visual Studio Solution File, Format Version 12.00
# Visual Studio 15
VisualStudioVersion = 15.0.26114.2
MinimumVisualStudioVersion = 10.0.40219.1
Project("{FAE04EC0-301F-11D3-BF4B-00C04F79EFBC}") = "Teleglib", "Teleglib\Teleglib.csproj", "{6EFE9324-2D47-4324-83E2-FE45A83F9552}"
EndProject
Project("{FAE04EC0-301F-11D3-BF4B-00C04F79EFBC}") = "Teleglib.Example", "Teleglib.Example\Teleglib.Example.csproj", "{61A6402C-12AD-4966-AA67-43FB0F2657A7}"
EndProject
Global
	GlobalSection(SolutionConfigurationPlatforms) = preSolution
		Debug|Any CPU = Debug|Any CPU
		Release|Any CPU = Release|Any CPU
	EndGlobalSection
	GlobalSection(ProjectConfigurationPlatforms) = postSolution
		{6EFE9324-2D47-4324-83E2-FE45A83F9552}.Debug|Any CPU.ActiveCfg = Debug|Any CPU
		{6EFE9324-2D47-4324-83E2-FE45A83F9552}.Debug|Any CPU.Build.0 = Debug|Any CPU
		{6EFE9324-2D47-4324-83E2-FE45A83F9552}.Release|Any CPU.ActiveCfg = Release|Any CPU
		{6EFE9324-2D47-4324-83E2-FE45A83F9552}.Release|Any CPU.Build.0 = Release|Any CPU
		{61A6402C-12AD-4966-AA67-43FB0F2657A7}.Debug|Any CPU.ActiveCfg = Debug|Any CPU
		{61A6402C-12AD-4966-AA67-43FB0F2657A7}.Debug|Any CPU.Build.0 = Debug|Any CPU
		{61A6402C-12AD-4966-AA67-43FB0F2657A7}.Release|Any CPU.ActiveCfg = Release|Any CPU
		{61A6402C-12AD-4966-AA67-43FB0F2657A7}.Release|Any CPU.Build.0 = Release|Any CPU
	EndGlobalSection
	GlobalSection(SolutionProperties) = preSolution
		HideSolutionNode = FALSE
	EndGlobalSection
EndGlobal
